
Microsoft Visual Studio Solution File, Format Version 12.00
# Visual Studio 15
VisualStudioVersion = 15.0.27130.2026
MinimumVisualStudioVersion = 10.0.40219.1
Project("{2150E333-8FDC-42A3-9474-1A3956D46DE8}") = "Mobile", "Mobile", "{6F324D16-9A3E-4A30-9F7F-86645ED29AC3}"
EndProject
Project("{FAE04EC0-301F-11D3-BF4B-00C04F79EFBC}") = "TrollTyper.Console", "TrollTyper.Console\TrollTyper.Console.csproj", "{C411A417-A4DA-4054-9EFD-3BD9DDC6EF81}"
EndProject
Project("{D954291E-2A0B-460D-934E-DC6B0785DB48}") = "TrollTyper.Mobile", "TrollTyper.Mobile\TrollTyper.Mobile\TrollTyper.Mobile.shproj", "{EF22424E-3C6F-4E9E-8F2F-5B5DC4A1A243}"
EndProject
Project("{FAE04EC0-301F-11D3-BF4B-00C04F79EFBC}") = "TrollTyper.Mobile.Android", "TrollTyper.Mobile\TrollTyper.Mobile.Android\TrollTyper.Mobile.Android.csproj", "{ADF8617F-9482-4F24-9C92-9661239B115A}"
EndProject
Project("{FAE04EC0-301F-11D3-BF4B-00C04F79EFBC}") = "TrollTyper.Mobile.iOS", "TrollTyper.Mobile\TrollTyper.Mobile.iOS\TrollTyper.Mobile.iOS.csproj", "{3F0B222B-B042-409A-B001-1B9B90AD4DF6}"
EndProject
Project("{FAE04EC0-301F-11D3-BF4B-00C04F79EFBC}") = "TrollTyper.Quirks", "TrollTyper.Quirks\TrollTyper.Quirks.csproj", "{33DCAF0E-9BD7-4109-A5BD-03757A06BEAF}"
EndProject
Project("{FAE04EC0-301F-11D3-BF4B-00C04F79EFBC}") = "TrollTyper.Mobile.UWP", "TrollTyper.Mobile\TrollTyper.Mobile.UWP\TrollTyper.Mobile.UWP.csproj", "{360C0410-EFBF-4995-8F6E-CF306FF9A505}"
EndProject
Project("{2150E333-8FDC-42A3-9474-1A3956D46DE8}") = "QuirkLibrary", "QuirkLibrary", "{62CE2843-F2A6-4AD9-863B-27C97EE06BC9}"
EndProject
Global
	GlobalSection(SharedMSBuildProjectFiles) = preSolution
		TrollTyper.Mobile\TrollTyper.Mobile\TrollTyper.Mobile.projitems*{360c0410-efbf-4995-8f6e-cf306ff9a505}*SharedItemsImports = 4
		TrollTyper.Mobile\TrollTyper.Mobile\TrollTyper.Mobile.projitems*{3f0b222b-b042-409a-b001-1b9b90ad4df6}*SharedItemsImports = 4
		TrollTyper.Mobile\TrollTyper.Mobile\TrollTyper.Mobile.projitems*{adf8617f-9482-4f24-9c92-9661239b115a}*SharedItemsImports = 4
		TrollTyper.Mobile\TrollTyper.Mobile\TrollTyper.Mobile.projitems*{ef22424e-3c6f-4e9e-8f2f-5b5dc4a1a243}*SharedItemsImports = 13
	EndGlobalSection
	GlobalSection(SolutionConfigurationPlatforms) = preSolution
		Debug|Any CPU = Debug|Any CPU
		Debug|ARM = Debug|ARM
		Debug|iPhone = Debug|iPhone
		Debug|iPhoneSimulator = Debug|iPhoneSimulator
		Debug|x64 = Debug|x64
		Debug|x86 = Debug|x86
		Release|Any CPU = Release|Any CPU
		Release|ARM = Release|ARM
		Release|iPhone = Release|iPhone
		Release|iPhoneSimulator = Release|iPhoneSimulator
		Release|x64 = Release|x64
		Release|x86 = Release|x86
	EndGlobalSection
	GlobalSection(ProjectConfigurationPlatforms) = postSolution
		{C411A417-A4DA-4054-9EFD-3BD9DDC6EF81}.Debug|Any CPU.ActiveCfg = Debug|Any CPU
		{C411A417-A4DA-4054-9EFD-3BD9DDC6EF81}.Debug|Any CPU.Build.0 = Debug|Any CPU
		{C411A417-A4DA-4054-9EFD-3BD9DDC6EF81}.Debug|ARM.ActiveCfg = Debug|Any CPU
		{C411A417-A4DA-4054-9EFD-3BD9DDC6EF81}.Debug|ARM.Build.0 = Debug|Any CPU
		{C411A417-A4DA-4054-9EFD-3BD9DDC6EF81}.Debug|iPhone.ActiveCfg = Debug|Any CPU
		{C411A417-A4DA-4054-9EFD-3BD9DDC6EF81}.Debug|iPhone.Build.0 = Debug|Any CPU
		{C411A417-A4DA-4054-9EFD-3BD9DDC6EF81}.Debug|iPhoneSimulator.ActiveCfg = Debug|Any CPU
		{C411A417-A4DA-4054-9EFD-3BD9DDC6EF81}.Debug|iPhoneSimulator.Build.0 = Debug|Any CPU
		{C411A417-A4DA-4054-9EFD-3BD9DDC6EF81}.Debug|x64.ActiveCfg = Debug|Any CPU
		{C411A417-A4DA-4054-9EFD-3BD9DDC6EF81}.Debug|x64.Build.0 = Debug|Any CPU
		{C411A417-A4DA-4054-9EFD-3BD9DDC6EF81}.Debug|x86.ActiveCfg = Debug|Any CPU
		{C411A417-A4DA-4054-9EFD-3BD9DDC6EF81}.Debug|x86.Build.0 = Debug|Any CPU
		{C411A417-A4DA-4054-9EFD-3BD9DDC6EF81}.Release|Any CPU.ActiveCfg = Release|Any CPU
		{C411A417-A4DA-4054-9EFD-3BD9DDC6EF81}.Release|Any CPU.Build.0 = Release|Any CPU
		{C411A417-A4DA-4054-9EFD-3BD9DDC6EF81}.Release|ARM.ActiveCfg = Release|Any CPU
		{C411A417-A4DA-4054-9EFD-3BD9DDC6EF81}.Release|ARM.Build.0 = Release|Any CPU
		{C411A417-A4DA-4054-9EFD-3BD9DDC6EF81}.Release|iPhone.ActiveCfg = Release|Any CPU
		{C411A417-A4DA-4054-9EFD-3BD9DDC6EF81}.Release|iPhone.Build.0 = Release|Any CPU
		{C411A417-A4DA-4054-9EFD-3BD9DDC6EF81}.Release|iPhoneSimulator.ActiveCfg = Release|Any CPU
		{C411A417-A4DA-4054-9EFD-3BD9DDC6EF81}.Release|iPhoneSimulator.Build.0 = Release|Any CPU
		{C411A417-A4DA-4054-9EFD-3BD9DDC6EF81}.Release|x64.ActiveCfg = Release|Any CPU
		{C411A417-A4DA-4054-9EFD-3BD9DDC6EF81}.Release|x64.Build.0 = Release|Any CPU
		{C411A417-A4DA-4054-9EFD-3BD9DDC6EF81}.Release|x86.ActiveCfg = Release|Any CPU
		{C411A417-A4DA-4054-9EFD-3BD9DDC6EF81}.Release|x86.Build.0 = Release|Any CPU
		{ADF8617F-9482-4F24-9C92-9661239B115A}.Debug|Any CPU.ActiveCfg = Debug|Any CPU
		{ADF8617F-9482-4F24-9C92-9661239B115A}.Debug|Any CPU.Build.0 = Debug|Any CPU
		{ADF8617F-9482-4F24-9C92-9661239B115A}.Debug|Any CPU.Deploy.0 = Debug|Any CPU
		{ADF8617F-9482-4F24-9C92-9661239B115A}.Debug|ARM.ActiveCfg = Debug|Any CPU
		{ADF8617F-9482-4F24-9C92-9661239B115A}.Debug|ARM.Build.0 = Debug|Any CPU
		{ADF8617F-9482-4F24-9C92-9661239B115A}.Debug|ARM.Deploy.0 = Debug|Any CPU
		{ADF8617F-9482-4F24-9C92-9661239B115A}.Debug|iPhone.ActiveCfg = Debug|Any CPU
		{ADF8617F-9482-4F24-9C92-9661239B115A}.Debug|iPhone.Build.0 = Debug|Any CPU
		{ADF8617F-9482-4F24-9C92-9661239B115A}.Debug|iPhone.Deploy.0 = Debug|Any CPU
		{ADF8617F-9482-4F24-9C92-9661239B115A}.Debug|iPhoneSimulator.ActiveCfg = Debug|Any CPU
		{ADF8617F-9482-4F24-9C92-9661239B115A}.Debug|iPhoneSimulator.Build.0 = Debug|Any CPU
		{ADF8617F-9482-4F24-9C92-9661239B115A}.Debug|iPhoneSimulator.Deploy.0 = Debug|Any CPU
		{ADF8617F-9482-4F24-9C92-9661239B115A}.Debug|x64.ActiveCfg = Debug|Any CPU
		{ADF8617F-9482-4F24-9C92-9661239B115A}.Debug|x64.Build.0 = Debug|Any CPU
		{ADF8617F-9482-4F24-9C92-9661239B115A}.Debug|x64.Deploy.0 = Debug|Any CPU
		{ADF8617F-9482-4F24-9C92-9661239B115A}.Debug|x86.ActiveCfg = Debug|Any CPU
		{ADF8617F-9482-4F24-9C92-9661239B115A}.Debug|x86.Build.0 = Debug|Any CPU
		{ADF8617F-9482-4F24-9C92-9661239B115A}.Debug|x86.Deploy.0 = Debug|Any CPU
		{ADF8617F-9482-4F24-9C92-9661239B115A}.Release|Any CPU.ActiveCfg = Release|Any CPU
		{ADF8617F-9482-4F24-9C92-9661239B115A}.Release|Any CPU.Build.0 = Release|Any CPU
		{ADF8617F-9482-4F24-9C92-9661239B115A}.Release|Any CPU.Deploy.0 = Release|Any CPU
		{ADF8617F-9482-4F24-9C92-9661239B115A}.Release|ARM.ActiveCfg = Release|Any CPU
		{ADF8617F-9482-4F24-9C92-9661239B115A}.Release|ARM.Build.0 = Release|Any CPU
		{ADF8617F-9482-4F24-9C92-9661239B115A}.Release|ARM.Deploy.0 = Release|Any CPU
		{ADF8617F-9482-4F24-9C92-9661239B115A}.Release|iPhone.ActiveCfg = Release|Any CPU
		{ADF8617F-9482-4F24-9C92-9661239B115A}.Release|iPhone.Build.0 = Release|Any CPU
		{ADF8617F-9482-4F24-9C92-9661239B115A}.Release|iPhone.Deploy.0 = Release|Any CPU
		{ADF8617F-9482-4F24-9C92-9661239B115A}.Release|iPhoneSimulator.ActiveCfg = Release|Any CPU
		{ADF8617F-9482-4F24-9C92-9661239B115A}.Release|iPhoneSimulator.Build.0 = Release|Any CPU
		{ADF8617F-9482-4F24-9C92-9661239B115A}.Release|iPhoneSimulator.Deploy.0 = Release|Any CPU
		{ADF8617F-9482-4F24-9C92-9661239B115A}.Release|x64.ActiveCfg = Release|Any CPU
		{ADF8617F-9482-4F24-9C92-9661239B115A}.Release|x64.Build.0 = Release|Any CPU
		{ADF8617F-9482-4F24-9C92-9661239B115A}.Release|x64.Deploy.0 = Release|Any CPU
		{ADF8617F-9482-4F24-9C92-9661239B115A}.Release|x86.ActiveCfg = Release|Any CPU
		{ADF8617F-9482-4F24-9C92-9661239B115A}.Release|x86.Build.0 = Release|Any CPU
		{ADF8617F-9482-4F24-9C92-9661239B115A}.Release|x86.Deploy.0 = Release|Any CPU
		{3F0B222B-B042-409A-B001-1B9B90AD4DF6}.Debug|Any CPU.ActiveCfg = Debug|iPhone
		{3F0B222B-B042-409A-B001-1B9B90AD4DF6}.Debug|ARM.ActiveCfg = Debug|iPhoneSimulator
		{3F0B222B-B042-409A-B001-1B9B90AD4DF6}.Debug|iPhone.ActiveCfg = Debug|iPhone
		{3F0B222B-B042-409A-B001-1B9B90AD4DF6}.Debug|iPhone.Build.0 = Debug|iPhone
		{3F0B222B-B042-409A-B001-1B9B90AD4DF6}.Debug|iPhoneSimulator.ActiveCfg = Debug|iPhoneSimulator
		{3F0B222B-B042-409A-B001-1B9B90AD4DF6}.Debug|iPhoneSimulator.Build.0 = Debug|iPhoneSimulator
		{3F0B222B-B042-409A-B001-1B9B90AD4DF6}.Debug|x64.ActiveCfg = Debug|iPhoneSimulator
		{3F0B222B-B042-409A-B001-1B9B90AD4DF6}.Debug|x86.ActiveCfg = Debug|iPhoneSimulator
		{3F0B222B-B042-409A-B001-1B9B90AD4DF6}.Release|Any CPU.ActiveCfg = Release|iPhone
		{3F0B222B-B042-409A-B001-1B9B90AD4DF6}.Release|ARM.ActiveCfg = Release|iPhoneSimulator
		{3F0B222B-B042-409A-B001-1B9B90AD4DF6}.Release|iPhone.ActiveCfg = Release|iPhone
		{3F0B222B-B042-409A-B001-1B9B90AD4DF6}.Release|iPhone.Build.0 = Release|iPhone
		{3F0B222B-B042-409A-B001-1B9B90AD4DF6}.Release|iPhoneSimulator.ActiveCfg = Release|iPhoneSimulator
		{3F0B222B-B042-409A-B001-1B9B90AD4DF6}.Release|iPhoneSimulator.Build.0 = Release|iPhoneSimulator
		{3F0B222B-B042-409A-B001-1B9B90AD4DF6}.Release|x64.ActiveCfg = Release|iPhoneSimulator
		{3F0B222B-B042-409A-B001-1B9B90AD4DF6}.Release|x86.ActiveCfg = Release|iPhoneSimulator
		{33DCAF0E-9BD7-4109-A5BD-03757A06BEAF}.Debug|Any CPU.ActiveCfg = Debug|Any CPU
		{33DCAF0E-9BD7-4109-A5BD-03757A06BEAF}.Debug|Any CPU.Build.0 = Debug|Any CPU
		{33DCAF0E-9BD7-4109-A5BD-03757A06BEAF}.Debug|ARM.ActiveCfg = Debug|Any CPU
		{33DCAF0E-9BD7-4109-A5BD-03757A06BEAF}.Debug|ARM.Build.0 = Debug|Any CPU
		{33DCAF0E-9BD7-4109-A5BD-03757A06BEAF}.Debug|iPhone.ActiveCfg = Debug|Any CPU
		{33DCAF0E-9BD7-4109-A5BD-03757A06BEAF}.Debug|iPhone.Build.0 = Debug|Any CPU
		{33DCAF0E-9BD7-4109-A5BD-03757A06BEAF}.Debug|iPhoneSimulator.ActiveCfg = Debug|Any CPU
		{33DCAF0E-9BD7-4109-A5BD-03757A06BEAF}.Debug|iPhoneSimulator.Build.0 = Debug|Any CPU
		{33DCAF0E-9BD7-4109-A5BD-03757A06BEAF}.Debug|x64.ActiveCfg = Debug|Any CPU
		{33DCAF0E-9BD7-4109-A5BD-03757A06BEAF}.Debug|x64.Build.0 = Debug|Any CPU
		{33DCAF0E-9BD7-4109-A5BD-03757A06BEAF}.Debug|x86.ActiveCfg = Debug|Any CPU
		{33DCAF0E-9BD7-4109-A5BD-03757A06BEAF}.Debug|x86.Build.0 = Debug|Any CPU
		{33DCAF0E-9BD7-4109-A5BD-03757A06BEAF}.Release|Any CPU.ActiveCfg = Release|Any CPU
		{33DCAF0E-9BD7-4109-A5BD-03757A06BEAF}.Release|Any CPU.Build.0 = Release|Any CPU
		{33DCAF0E-9BD7-4109-A5BD-03757A06BEAF}.Release|ARM.ActiveCfg = Release|Any CPU
		{33DCAF0E-9BD7-4109-A5BD-03757A06BEAF}.Release|ARM.Build.0 = Release|Any CPU
		{33DCAF0E-9BD7-4109-A5BD-03757A06BEAF}.Release|iPhone.ActiveCfg = Release|Any CPU
		{33DCAF0E-9BD7-4109-A5BD-03757A06BEAF}.Release|iPhone.Build.0 = Release|Any CPU
		{33DCAF0E-9BD7-4109-A5BD-03757A06BEAF}.Release|iPhoneSimulator.ActiveCfg = Release|Any CPU
		{33DCAF0E-9BD7-4109-A5BD-03757A06BEAF}.Release|iPhoneSimulator.Build.0 = Release|Any CPU
		{33DCAF0E-9BD7-4109-A5BD-03757A06BEAF}.Release|x64.ActiveCfg = Release|Any CPU
		{33DCAF0E-9BD7-4109-A5BD-03757A06BEAF}.Release|x64.Build.0 = Release|Any CPU
		{33DCAF0E-9BD7-4109-A5BD-03757A06BEAF}.Release|x86.ActiveCfg = Release|Any CPU
		{33DCAF0E-9BD7-4109-A5BD-03757A06BEAF}.Release|x86.Build.0 = Release|Any CPU
		{360C0410-EFBF-4995-8F6E-CF306FF9A505}.Debug|Any CPU.ActiveCfg = Debug|x86
		{360C0410-EFBF-4995-8F6E-CF306FF9A505}.Debug|ARM.ActiveCfg = Debug|ARM
		{360C0410-EFBF-4995-8F6E-CF306FF9A505}.Debug|ARM.Build.0 = Debug|ARM
		{360C0410-EFBF-4995-8F6E-CF306FF9A505}.Debug|ARM.Deploy.0 = Debug|ARM
		{360C0410-EFBF-4995-8F6E-CF306FF9A505}.Debug|iPhone.ActiveCfg = Debug|x86
		{360C0410-EFBF-4995-8F6E-CF306FF9A505}.Debug|iPhoneSimulator.ActiveCfg = Debug|x86
		{360C0410-EFBF-4995-8F6E-CF306FF9A505}.Debug|x64.ActiveCfg = Debug|x64
		{360C0410-EFBF-4995-8F6E-CF306FF9A505}.Debug|x64.Build.0 = Debug|x64
		{360C0410-EFBF-4995-8F6E-CF306FF9A505}.Debug|x64.Deploy.0 = Debug|x64
		{360C0410-EFBF-4995-8F6E-CF306FF9A505}.Debug|x86.ActiveCfg = Debug|x86
		{360C0410-EFBF-4995-8F6E-CF306FF9A505}.Debug|x86.Build.0 = Debug|x86
		{360C0410-EFBF-4995-8F6E-CF306FF9A505}.Debug|x86.Deploy.0 = Debug|x86
		{360C0410-EFBF-4995-8F6E-CF306FF9A505}.Release|Any CPU.ActiveCfg = Release|x86
		{360C0410-EFBF-4995-8F6E-CF306FF9A505}.Release|ARM.ActiveCfg = Release|ARM
		{360C0410-EFBF-4995-8F6E-CF306FF9A505}.Release|ARM.Build.0 = Release|ARM
		{360C0410-EFBF-4995-8F6E-CF306FF9A505}.Release|ARM.Deploy.0 = Release|ARM
		{360C0410-EFBF-4995-8F6E-CF306FF9A505}.Release|iPhone.ActiveCfg = Release|x86
		{360C0410-EFBF-4995-8F6E-CF306FF9A505}.Release|iPhoneSimulator.ActiveCfg = Release|x86
		{360C0410-EFBF-4995-8F6E-CF306FF9A505}.Release|x64.ActiveCfg = Release|x64
		{360C0410-EFBF-4995-8F6E-CF306FF9A505}.Release|x64.Build.0 = Release|x64
		{360C0410-EFBF-4995-8F6E-CF306FF9A505}.Release|x64.Deploy.0 = Release|x64
		{360C0410-EFBF-4995-8F6E-CF306FF9A505}.Release|x86.ActiveCfg = Release|x86
		{360C0410-EFBF-4995-8F6E-CF306FF9A505}.Release|x86.Build.0 = Release|x86
		{360C0410-EFBF-4995-8F6E-CF306FF9A505}.Release|x86.Deploy.0 = Release|x86
	EndGlobalSection
	GlobalSection(SolutionProperties) = preSolution
		HideSolutionNode = FALSE
	EndGlobalSection
	GlobalSection(NestedProjects) = preSolution
		{EF22424E-3C6F-4E9E-8F2F-5B5DC4A1A243} = {6F324D16-9A3E-4A30-9F7F-86645ED29AC3}
		{ADF8617F-9482-4F24-9C92-9661239B115A} = {6F324D16-9A3E-4A30-9F7F-86645ED29AC3}
		{3F0B222B-B042-409A-B001-1B9B90AD4DF6} = {6F324D16-9A3E-4A30-9F7F-86645ED29AC3}
		{360C0410-EFBF-4995-8F6E-CF306FF9A505} = {6F324D16-9A3E-4A30-9F7F-86645ED29AC3}
	EndGlobalSection
	GlobalSection(ExtensibilityGlobals) = postSolution
		SolutionGuid = {3C4E32F1-F4FE-4C99-B251-1212CBA55C31}
	EndGlobalSection
EndGlobal
